// !$*UTF8*$!
{
	archiveVersion = 1;
	classes = {
	};
	objectVersion = 50;
	objects = {

/* Begin PBXBuildFile section */
		0B4383592499CF9F0046381C /* AppDelegate.swift in Sources */ = {isa = PBXBuildFile; fileRef = 0B4383582499CF9F0046381C /* AppDelegate.swift */; };
		0B43835B2499CF9F0046381C /* SceneDelegate.swift in Sources */ = {isa = PBXBuildFile; fileRef = 0B43835A2499CF9F0046381C /* SceneDelegate.swift */; };
		0B43835D2499CF9F0046381C /* ViewController.swift in Sources */ = {isa = PBXBuildFile; fileRef = 0B43835C2499CF9F0046381C /* ViewController.swift */; };
		0B4383602499CF9F0046381C /* Main.storyboard in Resources */ = {isa = PBXBuildFile; fileRef = 0B43835E2499CF9F0046381C /* Main.storyboard */; };
		0B4383622499CFA30046381C /* Assets.xcassets in Resources */ = {isa = PBXBuildFile; fileRef = 0B4383612499CFA30046381C /* Assets.xcassets */; };
		0B4383652499CFA30046381C /* LaunchScreen.storyboard in Resources */ = {isa = PBXBuildFile; fileRef = 0B4383632499CFA30046381C /* LaunchScreen.storyboard */; };
		0B4383702499CFA40046381C /* MyCredsTests.swift in Sources */ = {isa = PBXBuildFile; fileRef = 0B43836F2499CFA40046381C /* MyCredsTests.swift */; };
		0B43837B2499CFA40046381C /* MyCredsUITests.swift in Sources */ = {isa = PBXBuildFile; fileRef = 0B43837A2499CFA40046381C /* MyCredsUITests.swift */; };
/* End PBXBuildFile section */

/* Begin PBXContainerItemProxy section */
		0B43836C2499CFA40046381C /* PBXContainerItemProxy */ = {
			isa = PBXContainerItemProxy;
			containerPortal = 0B43834D2499CF9F0046381C /* Project object */;
			proxyType = 1;
			remoteGlobalIDString = 0B4383542499CF9F0046381C;
			remoteInfo = MyCreds;
		};
		0B4383772499CFA40046381C /* PBXContainerItemProxy */ = {
			isa = PBXContainerItemProxy;
			containerPortal = 0B43834D2499CF9F0046381C /* Project object */;
			proxyType = 1;
			remoteGlobalIDString = 0B4383542499CF9F0046381C;
			remoteInfo = MyCreds;
		};
/* End PBXContainerItemProxy section */

/* Begin PBXFileReference section */
		0B4383552499CF9F0046381C /* MyCreds.app */ = {isa = PBXFileReference; explicitFileType = wrapper.application; includeInIndex = 0; path = MyCreds.app; sourceTree = BUILT_PRODUCTS_DIR; };
		0B4383582499CF9F0046381C /* AppDelegate.swift */ = {isa = PBXFileReference; lastKnownFileType = sourcecode.swift; path = AppDelegate.swift; sourceTree = "<group>"; };
		0B43835A2499CF9F0046381C /* SceneDelegate.swift */ = {isa = PBXFileReference; lastKnownFileType = sourcecode.swift; path = SceneDelegate.swift; sourceTree = "<group>"; };
		0B43835C2499CF9F0046381C /* ViewController.swift */ = {isa = PBXFileReference; lastKnownFileType = sourcecode.swift; path = ViewController.swift; sourceTree = "<group>"; };
		0B43835F2499CF9F0046381C /* Base */ = {isa = PBXFileReference; lastKnownFileType = file.storyboard; name = Base; path = Base.lproj/Main.storyboard; sourceTree = "<group>"; };
		0B4383612499CFA30046381C /* Assets.xcassets */ = {isa = PBXFileReference; lastKnownFileType = folder.assetcatalog; path = Assets.xcassets; sourceTree = "<group>"; };
		0B4383642499CFA30046381C /* Base */ = {isa = PBXFileReference; lastKnownFileType = file.storyboard; name = Base; path = Base.lproj/LaunchScreen.storyboard; sourceTree = "<group>"; };
		0B4383662499CFA30046381C /* Info.plist */ = {isa = PBXFileReference; lastKnownFileType = text.plist.xml; path = Info.plist; sourceTree = "<group>"; };
		0B43836B2499CFA40046381C /* MyCredsTests.xctest */ = {isa = PBXFileReference; explicitFileType = wrapper.cfbundle; includeInIndex = 0; path = MyCredsTests.xctest; sourceTree = BUILT_PRODUCTS_DIR; };
		0B43836F2499CFA40046381C /* MyCredsTests.swift */ = {isa = PBXFileReference; lastKnownFileType = sourcecode.swift; path = MyCredsTests.swift; sourceTree = "<group>"; };
		0B4383712499CFA40046381C /* Info.plist */ = {isa = PBXFileReference; lastKnownFileType = text.plist.xml; path = Info.plist; sourceTree = "<group>"; };
		0B4383762499CFA40046381C /* MyCredsUITests.xctest */ = {isa = PBXFileReference; explicitFileType = wrapper.cfbundle; includeInIndex = 0; path = MyCredsUITests.xctest; sourceTree = BUILT_PRODUCTS_DIR; };
		0B43837A2499CFA40046381C /* MyCredsUITests.swift */ = {isa = PBXFileReference; lastKnownFileType = sourcecode.swift; path = MyCredsUITests.swift; sourceTree = "<group>"; };
		0B43837C2499CFA40046381C /* Info.plist */ = {isa = PBXFileReference; lastKnownFileType = text.plist.xml; path = Info.plist; sourceTree = "<group>"; };
/* End PBXFileReference section */

/* Begin PBXFrameworksBuildPhase section */
		0B4383522499CF9F0046381C /* Frameworks */ = {
			isa = PBXFrameworksBuildPhase;
			buildActionMask = 2147483647;
			files = (
			);
			runOnlyForDeploymentPostprocessing = 0;
		};
		0B4383682499CFA30046381C /* Frameworks */ = {
			isa = PBXFrameworksBuildPhase;
			buildActionMask = 2147483647;
			files = (
			);
			runOnlyForDeploymentPostprocessing = 0;
		};
		0B4383732499CFA40046381C /* Frameworks */ = {
			isa = PBXFrameworksBuildPhase;
			buildActionMask = 2147483647;
			files = (
			);
			runOnlyForDeploymentPostprocessing = 0;
		};
/* End PBXFrameworksBuildPhase section */

/* Begin PBXGroup section */
		0B43834C2499CF9F0046381C = {
			isa = PBXGroup;
			children = (
				0B4383572499CF9F0046381C /* MyCreds */,
				0B43836E2499CFA40046381C /* MyCredsTests */,
				0B4383792499CFA40046381C /* MyCredsUITests */,
				0B4383562499CF9F0046381C /* Products */,
			);
			sourceTree = "<group>";
		};
		0B4383562499CF9F0046381C /* Products */ = {
			isa = PBXGroup;
			children = (
				0B4383552499CF9F0046381C /* MyCreds.app */,
				0B43836B2499CFA40046381C /* MyCredsTests.xctest */,
				0B4383762499CFA40046381C /* MyCredsUITests.xctest */,
			);
			name = Products;
			sourceTree = "<group>";
		};
		0B4383572499CF9F0046381C /* MyCreds */ = {
			isa = PBXGroup;
			children = (
				0B4383582499CF9F0046381C /* AppDelegate.swift */,
				0B43835A2499CF9F0046381C /* SceneDelegate.swift */,
				0B43835C2499CF9F0046381C /* ViewController.swift */,
				0B43835E2499CF9F0046381C /* Main.storyboard */,
				0B4383612499CFA30046381C /* Assets.xcassets */,
				0B4383632499CFA30046381C /* LaunchScreen.storyboard */,
				0B4383662499CFA30046381C /* Info.plist */,
			);
			path = MyCreds;
			sourceTree = "<group>";
		};
		0B43836E2499CFA40046381C /* MyCredsTests */ = {
			isa = PBXGroup;
			children = (
				0B43836F2499CFA40046381C /* MyCredsTests.swift */,
				0B4383712499CFA40046381C /* Info.plist */,
			);
			path = MyCredsTests;
			sourceTree = "<group>";
		};
		0B4383792499CFA40046381C /* MyCredsUITests */ = {
			isa = PBXGroup;
			children = (
				0B43837A2499CFA40046381C /* MyCredsUITests.swift */,
				0B43837C2499CFA40046381C /* Info.plist */,
			);
			path = MyCredsUITests;
			sourceTree = "<group>";
		};
/* End PBXGroup section */

/* Begin PBXNativeTarget section */
		0B4383542499CF9F0046381C /* MyCreds */ = {
			isa = PBXNativeTarget;
			buildConfigurationList = 0B43837F2499CFA40046381C /* Build configuration list for PBXNativeTarget "MyCreds" */;
			buildPhases = (
				0B4383512499CF9F0046381C /* Sources */,
				0B4383522499CF9F0046381C /* Frameworks */,
				0B4383532499CF9F0046381C /* Resources */,
			);
			buildRules = (
			);
			dependencies = (
			);
			name = MyCreds;
			productName = MyCreds;
			productReference = 0B4383552499CF9F0046381C /* MyCreds.app */;
			productType = "com.apple.product-type.application";
		};
		0B43836A2499CFA30046381C /* MyCredsTests */ = {
			isa = PBXNativeTarget;
			buildConfigurationList = 0B4383822499CFA40046381C /* Build configuration list for PBXNativeTarget "MyCredsTests" */;
			buildPhases = (
				0B4383672499CFA30046381C /* Sources */,
				0B4383682499CFA30046381C /* Frameworks */,
				0B4383692499CFA30046381C /* Resources */,
			);
			buildRules = (
			);
			dependencies = (
				0B43836D2499CFA40046381C /* PBXTargetDependency */,
			);
			name = MyCredsTests;
			productName = MyCredsTests;
			productReference = 0B43836B2499CFA40046381C /* MyCredsTests.xctest */;
			productType = "com.apple.product-type.bundle.unit-test";
		};
		0B4383752499CFA40046381C /* MyCredsUITests */ = {
			isa = PBXNativeTarget;
			buildConfigurationList = 0B4383852499CFA40046381C /* Build configuration list for PBXNativeTarget "MyCredsUITests" */;
			buildPhases = (
				0B4383722499CFA40046381C /* Sources */,
				0B4383732499CFA40046381C /* Frameworks */,
				0B4383742499CFA40046381C /* Resources */,
			);
			buildRules = (
			);
			dependencies = (
				0B4383782499CFA40046381C /* PBXTargetDependency */,
			);
			name = MyCredsUITests;
			productName = MyCredsUITests;
			productReference = 0B4383762499CFA40046381C /* MyCredsUITests.xctest */;
			productType = "com.apple.product-type.bundle.ui-testing";
		};
/* End PBXNativeTarget section */

/* Begin PBXProject section */
		0B43834D2499CF9F0046381C /* Project object */ = {
			isa = PBXProject;
			attributes = {
				LastSwiftUpdateCheck = 1140;
				LastUpgradeCheck = 1140;
				ORGANIZATIONNAME = "tom danner";
				TargetAttributes = {
					0B4383542499CF9F0046381C = {
						CreatedOnToolsVersion = 11.4.1;
					};
					0B43836A2499CFA30046381C = {
						CreatedOnToolsVersion = 11.4.1;
						TestTargetID = 0B4383542499CF9F0046381C;
					};
					0B4383752499CFA40046381C = {
						CreatedOnToolsVersion = 11.4.1;
						TestTargetID = 0B4383542499CF9F0046381C;
					};
				};
			};
			buildConfigurationList = 0B4383502499CF9F0046381C /* Build configuration list for PBXProject "MyCreds" */;
			compatibilityVersion = "Xcode 9.3";
			developmentRegion = en;
			hasScannedForEncodings = 0;
			knownRegions = (
				en,
				Base,
			);
			mainGroup = 0B43834C2499CF9F0046381C;
			productRefGroup = 0B4383562499CF9F0046381C /* Products */;
			projectDirPath = "";
			projectRoot = "";
			targets = (
				0B4383542499CF9F0046381C /* MyCreds */,
				0B43836A2499CFA30046381C /* MyCredsTests */,
				0B4383752499CFA40046381C /* MyCredsUITests */,
			);
		};
/* End PBXProject section */

/* Begin PBXResourcesBuildPhase section */
		0B4383532499CF9F0046381C /* Resources */ = {
			isa = PBXResourcesBuildPhase;
			buildActionMask = 2147483647;
			files = (
				0B4383652499CFA30046381C /* LaunchScreen.storyboard in Resources */,
				0B4383622499CFA30046381C /* Assets.xcassets in Resources */,
				0B4383602499CF9F0046381C /* Main.storyboard in Resources */,
			);
			runOnlyForDeploymentPostprocessing = 0;
		};
		0B4383692499CFA30046381C /* Resources */ = {
			isa = PBXResourcesBuildPhase;
			buildActionMask = 2147483647;
			files = (
			);
			runOnlyForDeploymentPostprocessing = 0;
		};
		0B4383742499CFA40046381C /* Resources */ = {
			isa = PBXResourcesBuildPhase;
			buildActionMask = 2147483647;
			files = (
			);
			runOnlyForDeploymentPostprocessing = 0;
		};
/* End PBXResourcesBuildPhase section */

/* Begin PBXSourcesBuildPhase section */
		0B4383512499CF9F0046381C /* Sources */ = {
			isa = PBXSourcesBuildPhase;
			buildActionMask = 2147483647;
			files = (
				0B43835D2499CF9F0046381C /* ViewController.swift in Sources */,
				0B4383592499CF9F0046381C /* AppDelegate.swift in Sources */,
				0B43835B2499CF9F0046381C /* SceneDelegate.swift in Sources */,
			);
			runOnlyForDeploymentPostprocessing = 0;
		};
		0B4383672499CFA30046381C /* Sources */ = {
			isa = PBXSourcesBuildPhase;
			buildActionMask = 2147483647;
			files = (
				0B4383702499CFA40046381C /* MyCredsTests.swift in Sources */,
			);
			runOnlyForDeploymentPostprocessing = 0;
		};
		0B4383722499CFA40046381C /* Sources */ = {
			isa = PBXSourcesBuildPhase;
			buildActionMask = 2147483647;
			files = (
				0B43837B2499CFA40046381C /* MyCredsUITests.swift in Sources */,
			);
			runOnlyForDeploymentPostprocessing = 0;
		};
/* End PBXSourcesBuildPhase section */

/* Begin PBXTargetDependency section */
		0B43836D2499CFA40046381C /* PBXTargetDependency */ = {
			isa = PBXTargetDependency;
			target = 0B4383542499CF9F0046381C /* MyCreds */;
			targetProxy = 0B43836C2499CFA40046381C /* PBXContainerItemProxy */;
		};
		0B4383782499CFA40046381C /* PBXTargetDependency */ = {
			isa = PBXTargetDependency;
			target = 0B4383542499CF9F0046381C /* MyCreds */;
			targetProxy = 0B4383772499CFA40046381C /* PBXContainerItemProxy */;
		};
/* End PBXTargetDependency section */

/* Begin PBXVariantGroup section */
		0B43835E2499CF9F0046381C /* Main.storyboard */ = {
			isa = PBXVariantGroup;
			children = (
				0B43835F2499CF9F0046381C /* Base */,
			);
			name = Main.storyboard;
			sourceTree = "<group>";
		};
		0B4383632499CFA30046381C /* LaunchScreen.storyboard */ = {
			isa = PBXVariantGroup;
			children = (
				0B4383642499CFA30046381C /* Base */,
			);
			name = LaunchScreen.storyboard;
			sourceTree = "<group>";
		};
/* End PBXVariantGroup section */

/* Begin XCBuildConfiguration section */
		0B43837D2499CFA40046381C /* Debug */ = {
			isa = XCBuildConfiguration;
			buildSettings = {
				ALWAYS_SEARCH_USER_PATHS = NO;
				CLANG_ANALYZER_NONNULL = YES;
				CLANG_ANALYZER_NUMBER_OBJECT_CONVERSION = YES_AGGRESSIVE;
				CLANG_CXX_LANGUAGE_STANDARD = "gnu++14";
				CLANG_CXX_LIBRARY = "libc++";
				CLANG_ENABLE_MODULES = YES;
				CLANG_ENABLE_OBJC_ARC = YES;
				CLANG_ENABLE_OBJC_WEAK = YES;
				CLANG_WARN_BLOCK_CAPTURE_AUTORELEASING = YES;
				CLANG_WARN_BOOL_CONVERSION = YES;
				CLANG_WARN_COMMA = YES;
				CLANG_WARN_CONSTANT_CONVERSION = YES;
				CLANG_WARN_DEPRECATED_OBJC_IMPLEMENTATIONS = YES;
				CLANG_WARN_DIRECT_OBJC_ISA_USAGE = YES_ERROR;
				CLANG_WARN_DOCUMENTATION_COMMENTS = YES;
				CLANG_WARN_EMPTY_BODY = YES;
				CLANG_WARN_ENUM_CONVERSION = YES;
				CLANG_WARN_INFINITE_RECURSION = YES;
				CLANG_WARN_INT_CONVERSION = YES;
				CLANG_WARN_NON_LITERAL_NULL_CONVERSION = YES;
				CLANG_WARN_OBJC_IMPLICIT_RETAIN_SELF = YES;
				CLANG_WARN_OBJC_LITERAL_CONVERSION = YES;
				CLANG_WARN_OBJC_ROOT_CLASS = YES_ERROR;
				CLANG_WARN_RANGE_LOOP_ANALYSIS = YES;
				CLANG_WARN_STRICT_PROTOTYPES = YES;
				CLANG_WARN_SUSPICIOUS_MOVE = YES;
				CLANG_WARN_UNGUARDED_AVAILABILITY = YES_AGGRESSIVE;
				CLANG_WARN_UNREACHABLE_CODE = YES;
				CLANG_WARN__DUPLICATE_METHOD_MATCH = YES;
				COPY_PHASE_STRIP = NO;
				DEBUG_INFORMATION_FORMAT = dwarf;
				ENABLE_STRICT_OBJC_MSGSEND = YES;
				ENABLE_TESTABILITY = YES;
				GCC_C_LANGUAGE_STANDARD = gnu11;
				GCC_DYNAMIC_NO_PIC = NO;
				GCC_NO_COMMON_BLOCKS = YES;
				GCC_OPTIMIZATION_LEVEL = 0;
				GCC_PREPROCESSOR_DEFINITIONS = (
					"DEBUG=1",
					"$(inherited)",
				);
				GCC_WARN_64_TO_32_BIT_CONVERSION = YES;
				GCC_WARN_ABOUT_RETURN_TYPE = YES_ERROR;
				GCC_WARN_UNDECLARED_SELECTOR = YES;
				GCC_WARN_UNINITIALIZED_AUTOS = YES_AGGRESSIVE;
				GCC_WARN_UNUSED_FUNCTION = YES;
				GCC_WARN_UNUSED_VARIABLE = YES;
				IPHONEOS_DEPLOYMENT_TARGET = 13.4;
				MTL_ENABLE_DEBUG_INFO = INCLUDE_SOURCE;
				MTL_FAST_MATH = YES;
				ONLY_ACTIVE_ARCH = YES;
				SDKROOT = iphoneos;
				SWIFT_ACTIVE_COMPILATION_CONDITIONS = DEBUG;
				SWIFT_OPTIMIZATION_LEVEL = "-Onone";
			};
			name = Debug;
		};
		0B43837E2499CFA40046381C /* Release */ = {
			isa = XCBuildConfiguration;
			buildSettings = {
				ALWAYS_SEARCH_USER_PATHS = NO;
				CLANG_ANALYZER_NONNULL = YES;
				CLANG_ANALYZER_NUMBER_OBJECT_CONVERSION = YES_AGGRESSIVE;
				CLANG_CXX_LANGUAGE_STANDARD = "gnu++14";
				CLANG_CXX_LIBRARY = "libc++";
				CLANG_ENABLE_MODULES = YES;
				CLANG_ENABLE_OBJC_ARC = YES;
				CLANG_ENABLE_OBJC_WEAK = YES;
				CLANG_WARN_BLOCK_CAPTURE_AUTORELEASING = YES;
				CLANG_WARN_BOOL_CONVERSION = YES;
				CLANG_WARN_COMMA = YES;
				CLANG_WARN_CONSTANT_CONVERSION = YES;
				CLANG_WARN_DEPRECATED_OBJC_IMPLEMENTATIONS = YES;
				CLANG_WARN_DIRECT_OBJC_ISA_USAGE = YES_ERROR;
				CLANG_WARN_DOCUMENTATION_COMMENTS = YES;
				CLANG_WARN_EMPTY_BODY = YES;
				CLANG_WARN_ENUM_CONVERSION = YES;
				CLANG_WARN_INFINITE_RECURSION = YES;
				CLANG_WARN_INT_CONVERSION = YES;
				CLANG_WARN_NON_LITERAL_NULL_CONVERSION = YES;
				CLANG_WARN_OBJC_IMPLICIT_RETAIN_SELF = YES;
				CLANG_WARN_OBJC_LITERAL_CONVERSION = YES;
				CLANG_WARN_OBJC_ROOT_CLASS = YES_ERROR;
				CLANG_WARN_RANGE_LOOP_ANALYSIS = YES;
				CLANG_WARN_STRICT_PROTOTYPES = YES;
				CLANG_WARN_SUSPICIOUS_MOVE = YES;
				CLANG_WARN_UNGUARDED_AVAILABILITY = YES_AGGRESSIVE;
				CLANG_WARN_UNREACHABLE_CODE = YES;
				CLANG_WARN__DUPLICATE_METHOD_MATCH = YES;
				COPY_PHASE_STRIP = NO;
				DEBUG_INFORMATION_FORMAT = "dwarf-with-dsym";
				ENABLE_NS_ASSERTIONS = NO;
				ENABLE_STRICT_OBJC_MSGSEND = YES;
				GCC_C_LANGUAGE_STANDARD = gnu11;
				GCC_NO_COMMON_BLOCKS = YES;
				GCC_WARN_64_TO_32_BIT_CONVERSION = YES;
				GCC_WARN_ABOUT_RETURN_TYPE = YES_ERROR;
				GCC_WARN_UNDECLARED_SELECTOR = YES;
				GCC_WARN_UNINITIALIZED_AUTOS = YES_AGGRESSIVE;
				GCC_WARN_UNUSED_FUNCTION = YES;
				GCC_WARN_UNUSED_VARIABLE = YES;
				IPHONEOS_DEPLOYMENT_TARGET = 13.4;
				MTL_ENABLE_DEBUG_INFO = NO;
				MTL_FAST_MATH = YES;
				SDKROOT = iphoneos;
				SWIFT_COMPILATION_MODE = wholemodule;
				SWIFT_OPTIMIZATION_LEVEL = "-O";
				VALIDATE_PRODUCT = YES;
			};
			name = Release;
		};
		0B4383802499CFA40046381C /* Debug */ = {
			isa = XCBuildConfiguration;
			buildSettings = {
				ASSETCATALOG_COMPILER_APPICON_NAME = AppIcon;
				CODE_SIGN_STYLE = Automatic;
				DEVELOPMENT_TEAM = 636L2P48DR;
				INFOPLIST_FILE = MyCreds/Info.plist;
				LD_RUNPATH_SEARCH_PATHS = (
					"$(inherited)",
					"@executable_path/Frameworks",
				);
				PRODUCT_BUNDLE_IDENTIFIER = org.allegro.MyCreds;
				PRODUCT_NAME = "$(TARGET_NAME)";
				SWIFT_VERSION = 5.0;
				TARGETED_DEVICE_FAMILY = "1,2";
			};
			name = Debug;
		};
		0B4383812499CFA40046381C /* Release */ = {
			isa = XCBuildConfiguration;
			buildSettings = {
				ASSETCATALOG_COMPILER_APPICON_NAME = AppIcon;
				CODE_SIGN_STYLE = Automatic;
				DEVELOPMENT_TEAM = 636L2P48DR;
				INFOPLIST_FILE = MyCreds/Info.plist;
				LD_RUNPATH_SEARCH_PATHS = (
					"$(inherited)",
					"@executable_path/Frameworks",
				);
				PRODUCT_BUNDLE_IDENTIFIER = org.allegro.MyCreds;
				PRODUCT_NAME = "$(TARGET_NAME)";
				SWIFT_VERSION = 5.0;
				TARGETED_DEVICE_FAMILY = "1,2";
			};
			name = Release;
		};
		0B4383832499CFA40046381C /* Debug */ = {
			isa = XCBuildConfiguration;
			buildSettings = {
				ALWAYS_EMBED_SWIFT_STANDARD_LIBRARIES = YES;
				BUNDLE_LOADER = "$(TEST_HOST)";
				CODE_SIGN_STYLE = Automatic;
				DEVELOPMENT_TEAM = 636L2P48DR;
				INFOPLIST_FILE = MyCredsTests/Info.plist;
				IPHONEOS_DEPLOYMENT_TARGET = 13.4;
				LD_RUNPATH_SEARCH_PATHS = (
					"$(inherited)",
					"@executable_path/Frameworks",
					"@loader_path/Frameworks",
				);
				PRODUCT_BUNDLE_IDENTIFIER = org.allegro.MyCredsTests;
				PRODUCT_NAME = "$(TARGET_NAME)";
				SWIFT_VERSION = 5.0;
				TARGETED_DEVICE_FAMILY = "1,2";
				TEST_HOST = "$(BUILT_PRODUCTS_DIR)/MyCreds.app/MyCreds";
			};
			name = Debug;
		};
		0B4383842499CFA40046381C /* Release */ = {
			isa = XCBuildConfiguration;
			buildSettings = {
				ALWAYS_EMBED_SWIFT_STANDARD_LIBRARIES = YES;
				BUNDLE_LOADER = "$(TEST_HOST)";
				CODE_SIGN_STYLE = Automatic;
				DEVELOPMENT_TEAM = 636L2P48DR;
				INFOPLIST_FILE = MyCredsTests/Info.plist;
				IPHONEOS_DEPLOYMENT_TARGET = 13.4;
				LD_RUNPATH_SEARCH_PATHS = (
					"$(inherited)",
					"@executable_path/Frameworks",
					"@loader_path/Frameworks",
				);
				PRODUCT_BUNDLE_IDENTIFIER = org.allegro.MyCredsTests;
				PRODUCT_NAME = "$(TARGET_NAME)";
				SWIFT_VERSION = 5.0;
				TARGETED_DEVICE_FAMILY = "1,2";
				TEST_HOST = "$(BUILT_PRODUCTS_DIR)/MyCreds.app/MyCreds";
			};
			name = Release;
		};
		0B4383862499CFA40046381C /* Debug */ = {
			isa = XCBuildConfiguration;
			buildSettings = {
				ALWAYS_EMBED_SWIFT_STANDARD_LIBRARIES = YES;
				CODE_SIGN_STYLE = Automatic;
				DEVELOPMENT_TEAM = 636L2P48DR;
				INFOPLIST_FILE = MyCredsUITests/Info.plist;
				LD_RUNPATH_SEARCH_PATHS = (
					"$(inherited)",
					"@executable_path/Frameworks",
					"@loader_path/Frameworks",
				);
				PRODUCT_BUNDLE_IDENTIFIER = org.allegro.MyCredsUITests;
				PRODUCT_NAME = "$(TARGET_NAME)";
				SWIFT_VERSION = 5.0;
				TARGETED_DEVICE_FAMILY = "1,2";
				TEST_TARGET_NAME = MyCreds;
			};
			name = Debug;
		};
		0B4383872499CFA40046381C /* Release */ = {
			isa = XCBuildConfiguration;
			buildSettings = {
				ALWAYS_EMBED_SWIFT_STANDARD_LIBRARIES = YES;
				CODE_SIGN_STYLE = Automatic;
				DEVELOPMENT_TEAM = 636L2P48DR;
				INFOPLIST_FILE = MyCredsUITests/Info.plist;
				LD_RUNPATH_SEARCH_PATHS = (
					"$(inherited)",
					"@executable_path/Frameworks",
					"@loader_path/Frameworks",
				);
				PRODUCT_BUNDLE_IDENTIFIER = org.allegro.MyCredsUITests;
				PRODUCT_NAME = "$(TARGET_NAME)";
				SWIFT_VERSION = 5.0;
				TARGETED_DEVICE_FAMILY = "1,2";
				TEST_TARGET_NAME = MyCreds;
			};
			name = Release;
		};
/* End XCBuildConfiguration section */

/* Begin XCConfigurationList section */
		0B4383502499CF9F0046381C /* Build configuration list for PBXProject "MyCreds" */ = {
			isa = XCConfigurationList;
			buildConfigurations = (
				0B43837D2499CFA40046381C /* Debug */,
				0B43837E2499CFA40046381C /* Release */,
			);
			defaultConfigurationIsVisible = 0;
			defaultConfigurationName = Release;
		};
		0B43837F2499CFA40046381C /* Build configuration list for PBXNativeTarget "MyCreds" */ = {
			isa = XCConfigurationList;
			buildConfigurations = (
				0B4383802499CFA40046381C /* Debug */,
				0B4383812499CFA40046381C /* Release */,
			);
			defaultConfigurationIsVisible = 0;
			defaultConfigurationName = Release;
		};
		0B4383822499CFA40046381C /* Build configuration list for PBXNativeTarget "MyCredsTests" */ = {
			isa = XCConfigurationList;
			buildConfigurations = (
				0B4383832499CFA40046381C /* Debug */,
				0B4383842499CFA40046381C /* Release */,
			);
			defaultConfigurationIsVisible = 0;
			defaultConfigurationName = Release;
		};
		0B4383852499CFA40046381C /* Build configuration list for PBXNativeTarget "MyCredsUITests" */ = {
			isa = XCConfigurationList;
			buildConfigurations = (
				0B4383862499CFA40046381C /* Debug */,
				0B4383872499CFA40046381C /* Release */,
			);
			defaultConfigurationIsVisible = 0;
			defaultConfigurationName = Release;
		};
/* End XCConfigurationList section */
	};
	rootObject = 0B43834D2499CF9F0046381C /* Project object */;
}
